
Microsoft Visual Studio Solution File, Format Version 12.00
# Visual Studio Version 17
VisualStudioVersion = 17.0.31903.59
MinimumVisualStudioVersion = 10.0.40219.1
Project("{9A19103F-16F7-4668-BE54-9A1E7A4F7556}") = "PatronesDisenyo", "PatronesDisenyo\PatronesDisenyo.csproj", "{78E892DD-B291-4D8B-8DA2-5B1A76857DB1}"
EndProject
Project("{9A19103F-16F7-4668-BE54-9A1E7A4F7556}") = "Singleton", "Singleton\Singleton.csproj", "{3DB17633-F61A-455A-83EE-6C36565DA221}"
EndProject
Project("{2150E333-8FDC-42A3-9474-1A3956D46DE8}") = "1 - Patrones Creacion", "1 - Patrones Creacion", "{E1BF7D73-FB87-4AB1-9562-63708F2AA733}"
EndProject
Project("{FAE04EC0-301F-11D3-BF4B-00C04F79EFBC}") = "Prototype", "Prototype\Prototype.csproj", "{5049F2E1-0403-47ED-9554-B0FCF0F21077}"
EndProject
Project("{FAE04EC0-301F-11D3-BF4B-00C04F79EFBC}") = "Builder", "Builder\Builder.csproj", "{9FBD7BA9-7618-44E3-8F49-DEFCDF0EBA70}"
EndProject
Global
	GlobalSection(SolutionConfigurationPlatforms) = preSolution
		Debug|Any CPU = Debug|Any CPU
		Release|Any CPU = Release|Any CPU
	EndGlobalSection
	GlobalSection(ProjectConfigurationPlatforms) = postSolution
		{78E892DD-B291-4D8B-8DA2-5B1A76857DB1}.Debug|Any CPU.ActiveCfg = Debug|Any CPU
		{78E892DD-B291-4D8B-8DA2-5B1A76857DB1}.Debug|Any CPU.Build.0 = Debug|Any CPU
		{78E892DD-B291-4D8B-8DA2-5B1A76857DB1}.Release|Any CPU.ActiveCfg = Release|Any CPU
		{78E892DD-B291-4D8B-8DA2-5B1A76857DB1}.Release|Any CPU.Build.0 = Release|Any CPU
		{3DB17633-F61A-455A-83EE-6C36565DA221}.Debug|Any CPU.ActiveCfg = Debug|Any CPU
		{3DB17633-F61A-455A-83EE-6C36565DA221}.Debug|Any CPU.Build.0 = Debug|Any CPU
		{3DB17633-F61A-455A-83EE-6C36565DA221}.Release|Any CPU.ActiveCfg = Release|Any CPU
		{3DB17633-F61A-455A-83EE-6C36565DA221}.Release|Any CPU.Build.0 = Release|Any CPU
		{5049F2E1-0403-47ED-9554-B0FCF0F21077}.Debug|Any CPU.ActiveCfg = Debug|Any CPU
		{5049F2E1-0403-47ED-9554-B0FCF0F21077}.Debug|Any CPU.Build.0 = Debug|Any CPU
		{5049F2E1-0403-47ED-9554-B0FCF0F21077}.Release|Any CPU.ActiveCfg = Release|Any CPU
		{5049F2E1-0403-47ED-9554-B0FCF0F21077}.Release|Any CPU.Build.0 = Release|Any CPU
		{9FBD7BA9-7618-44E3-8F49-DEFCDF0EBA70}.Debug|Any CPU.ActiveCfg = Debug|Any CPU
		{9FBD7BA9-7618-44E3-8F49-DEFCDF0EBA70}.Debug|Any CPU.Build.0 = Debug|Any CPU
		{9FBD7BA9-7618-44E3-8F49-DEFCDF0EBA70}.Release|Any CPU.ActiveCfg = Release|Any CPU
		{9FBD7BA9-7618-44E3-8F49-DEFCDF0EBA70}.Release|Any CPU.Build.0 = Release|Any CPU
	EndGlobalSection
	GlobalSection(SolutionProperties) = preSolution
		HideSolutionNode = FALSE
	EndGlobalSection
	GlobalSection(NestedProjects) = preSolution
		{3DB17633-F61A-455A-83EE-6C36565DA221} = {E1BF7D73-FB87-4AB1-9562-63708F2AA733}
		{5049F2E1-0403-47ED-9554-B0FCF0F21077} = {E1BF7D73-FB87-4AB1-9562-63708F2AA733}
		{9FBD7BA9-7618-44E3-8F49-DEFCDF0EBA70} = {E1BF7D73-FB87-4AB1-9562-63708F2AA733}
	EndGlobalSection
	GlobalSection(ExtensibilityGlobals) = postSolution
		SolutionGuid = {B77BCA5C-F89A-4F74-A5B0-CEE3C072799D}
	EndGlobalSection
EndGlobal
